
Microsoft Visual Studio Solution File, Format Version 12.00
# Visual Studio Version 16
VisualStudioVersion = 16.0.31321.278
MinimumVisualStudioVersion = 10.0.40219.1
Project("{E24C65DC-7377-472B-9ABA-BC803B73C61A}") = "CompanyPrinters", ".", "{97791949-3140-4C78-A40D-F85E0ACEFC4F}"
	ProjectSection(WebsiteProperties) = preProject
		TargetFrameworkMoniker = ".NETFramework,Version%3Dv4.7.2"
		ProjectReferences = "{8e79da0d-4e91-4965-9bd2-4d658c87915b}|BusinessLogic.dll;{D58D7A98-7930-4A4F-A7D9-61555428CD0C}|DataAccess.dll;{6E06A648-92D0-47CB-A17E-44AE0484E9B9}|BusinessObject.dll;"
		Debug.AspNetCompiler.VirtualPath = "/localhost_63186"
		Debug.AspNetCompiler.PhysicalPath = "..\CompanyPrinters\"
		Debug.AspNetCompiler.TargetPath = "PrecompiledWeb\localhost_63186\"
		Debug.AspNetCompiler.Updateable = "true"
		Debug.AspNetCompiler.ForceOverwrite = "true"
		Debug.AspNetCompiler.FixedNames = "false"
		Debug.AspNetCompiler.Debug = "True"
		Release.AspNetCompiler.VirtualPath = "/localhost_63186"
		Release.AspNetCompiler.PhysicalPath = "..\CompanyPrinters\"
		Release.AspNetCompiler.TargetPath = "PrecompiledWeb\localhost_63186\"
		Release.AspNetCompiler.Updateable = "true"
		Release.AspNetCompiler.ForceOverwrite = "true"
		Release.AspNetCompiler.FixedNames = "false"
		Release.AspNetCompiler.Debug = "False"
		VWDPort = "63186"
		SlnRelativePath = "..\CompanyPrinters\"
		DefaultWebSiteLanguage = "Visual C#"
	EndProjectSection
EndProject
Project("{FAE04EC0-301F-11D3-BF4B-00C04F79EFBC}") = "DataAccess", "..\DataAccess\DataAccess.csproj", "{D58D7A98-7930-4A4F-A7D9-61555428CD0C}"
EndProject
Project("{FAE04EC0-301F-11D3-BF4B-00C04F79EFBC}") = "BusinessObject", "..\BusinessObject\BusinessObject.csproj", "{6E06A648-92D0-47CB-A17E-44AE0484E9B9}"
EndProject
Project("{FAE04EC0-301F-11D3-BF4B-00C04F79EFBC}") = "BusinessLogic", "..\BusinessLogic\BusinessLogic.csproj", "{8E79DA0D-4E91-4965-9BD2-4D658C87915B}"
EndProject
Global
	GlobalSection(SolutionConfigurationPlatforms) = preSolution
		Debug|Any CPU = Debug|Any CPU
		Release|Any CPU = Release|Any CPU
	EndGlobalSection
	GlobalSection(ProjectConfigurationPlatforms) = postSolution
		{97791949-3140-4C78-A40D-F85E0ACEFC4F}.Debug|Any CPU.ActiveCfg = Debug|Any CPU
		{97791949-3140-4C78-A40D-F85E0ACEFC4F}.Debug|Any CPU.Build.0 = Debug|Any CPU
		{97791949-3140-4C78-A40D-F85E0ACEFC4F}.Release|Any CPU.ActiveCfg = Debug|Any CPU
		{97791949-3140-4C78-A40D-F85E0ACEFC4F}.Release|Any CPU.Build.0 = Debug|Any CPU
		{D58D7A98-7930-4A4F-A7D9-61555428CD0C}.Debug|Any CPU.ActiveCfg = Debug|Any CPU
		{D58D7A98-7930-4A4F-A7D9-61555428CD0C}.Debug|Any CPU.Build.0 = Debug|Any CPU
		{D58D7A98-7930-4A4F-A7D9-61555428CD0C}.Release|Any CPU.ActiveCfg = Release|Any CPU
		{D58D7A98-7930-4A4F-A7D9-61555428CD0C}.Release|Any CPU.Build.0 = Release|Any CPU
		{6E06A648-92D0-47CB-A17E-44AE0484E9B9}.Debug|Any CPU.ActiveCfg = Debug|Any CPU
		{6E06A648-92D0-47CB-A17E-44AE0484E9B9}.Debug|Any CPU.Build.0 = Debug|Any CPU
		{6E06A648-92D0-47CB-A17E-44AE0484E9B9}.Release|Any CPU.ActiveCfg = Release|Any CPU
		{6E06A648-92D0-47CB-A17E-44AE0484E9B9}.Release|Any CPU.Build.0 = Release|Any CPU
		{8E79DA0D-4E91-4965-9BD2-4D658C87915B}.Debug|Any CPU.ActiveCfg = Debug|Any CPU
		{8E79DA0D-4E91-4965-9BD2-4D658C87915B}.Debug|Any CPU.Build.0 = Debug|Any CPU
		{8E79DA0D-4E91-4965-9BD2-4D658C87915B}.Release|Any CPU.ActiveCfg = Release|Any CPU
		{8E79DA0D-4E91-4965-9BD2-4D658C87915B}.Release|Any CPU.Build.0 = Release|Any CPU
	EndGlobalSection
	GlobalSection(SolutionProperties) = preSolution
		HideSolutionNode = FALSE
	EndGlobalSection
	GlobalSection(ExtensibilityGlobals) = postSolution
		SolutionGuid = {F578A7F3-26D2-4669-A767-A3C57CA3CF84}
	EndGlobalSection
EndGlobal
